// !$*UTF8*$!
{
	archiveVersion = 1;
	classes = {
	};
	objectVersion = 56;
	objects = {

/* Begin PBXBuildFile section */
		52B3352A2A2581360024944F /* NotificationView.swift in Sources */ = {isa = PBXBuildFile; fileRef = 52B335292A2581360024944F /* NotificationView.swift */; };
		52B3352C2A2593BC0024944F /* OrdersView.swift in Sources */ = {isa = PBXBuildFile; fileRef = 52B3352B2A2593BC0024944F /* OrdersView.swift */; };
		52C4E17F2A21EA5E00A5A2F7 /* ecommerce_app_in_swiftApp.swift in Sources */ = {isa = PBXBuildFile; fileRef = 52C4E17E2A21EA5E00A5A2F7 /* ecommerce_app_in_swiftApp.swift */; };
		52C4E1812A21EA5E00A5A2F7 /* ContentView.swift in Sources */ = {isa = PBXBuildFile; fileRef = 52C4E1802A21EA5E00A5A2F7 /* ContentView.swift */; };
		52C4E1832A21EA6100A5A2F7 /* Assets.xcassets in Resources */ = {isa = PBXBuildFile; fileRef = 52C4E1822A21EA6100A5A2F7 /* Assets.xcassets */; };
		52C4E1862A21EA6100A5A2F7 /* Preview Assets.xcassets in Resources */ = {isa = PBXBuildFile; fileRef = 52C4E1852A21EA6100A5A2F7 /* Preview Assets.xcassets */; };
		52C4E1902A21EAF400A5A2F7 /* signup.swift in Sources */ = {isa = PBXBuildFile; fileRef = 52C4E18F2A21EAF400A5A2F7 /* signup.swift */; };
		52C4E1922A2232EF00A5A2F7 /* forgotPassword.swift in Sources */ = {isa = PBXBuildFile; fileRef = 52C4E1912A2232EF00A5A2F7 /* forgotPassword.swift */; };
		52C4E1942A2283F000A5A2F7 /* OnboardingView.swift in Sources */ = {isa = PBXBuildFile; fileRef = 52C4E1932A2283F000A5A2F7 /* OnboardingView.swift */; };
		52C4E1992A22C0AF00A5A2F7 /* ButtonView.swift in Sources */ = {isa = PBXBuildFile; fileRef = 52C4E1982A22C0AF00A5A2F7 /* ButtonView.swift */; };
		52C4E19C2A236D4400A5A2F7 /* productsView.swift in Sources */ = {isa = PBXBuildFile; fileRef = 52C4E19B2A236D4400A5A2F7 /* productsView.swift */; };
/* End PBXBuildFile section */

/* Begin PBXFileReference section */
		52B335292A2581360024944F /* NotificationView.swift */ = {isa = PBXFileReference; lastKnownFileType = sourcecode.swift; path = NotificationView.swift; sourceTree = "<group>"; };
		52B3352B2A2593BC0024944F /* OrdersView.swift */ = {isa = PBXFileReference; lastKnownFileType = sourcecode.swift; path = OrdersView.swift; sourceTree = "<group>"; };
		52C4E17B2A21EA5E00A5A2F7 /* ecommerce app in swift.app */ = {isa = PBXFileReference; explicitFileType = wrapper.application; includeInIndex = 0; path = "ecommerce app in swift.app"; sourceTree = BUILT_PRODUCTS_DIR; };
		52C4E17E2A21EA5E00A5A2F7 /* ecommerce_app_in_swiftApp.swift */ = {isa = PBXFileReference; lastKnownFileType = sourcecode.swift; path = ecommerce_app_in_swiftApp.swift; sourceTree = "<group>"; };
		52C4E1802A21EA5E00A5A2F7 /* ContentView.swift */ = {isa = PBXFileReference; lastKnownFileType = sourcecode.swift; path = ContentView.swift; sourceTree = "<group>"; };
		52C4E1822A21EA6100A5A2F7 /* Assets.xcassets */ = {isa = PBXFileReference; lastKnownFileType = folder.assetcatalog; path = Assets.xcassets; sourceTree = "<group>"; };
		52C4E1852A21EA6100A5A2F7 /* Preview Assets.xcassets */ = {isa = PBXFileReference; lastKnownFileType = folder.assetcatalog; path = "Preview Assets.xcassets"; sourceTree = "<group>"; };
		52C4E18F2A21EAF400A5A2F7 /* signup.swift */ = {isa = PBXFileReference; lastKnownFileType = sourcecode.swift; path = signup.swift; sourceTree = "<group>"; };
		52C4E1912A2232EF00A5A2F7 /* forgotPassword.swift */ = {isa = PBXFileReference; lastKnownFileType = sourcecode.swift; path = forgotPassword.swift; sourceTree = "<group>"; };
		52C4E1932A2283F000A5A2F7 /* OnboardingView.swift */ = {isa = PBXFileReference; lastKnownFileType = sourcecode.swift; path = OnboardingView.swift; sourceTree = "<group>"; };
		52C4E1982A22C0AF00A5A2F7 /* ButtonView.swift */ = {isa = PBXFileReference; lastKnownFileType = sourcecode.swift; path = ButtonView.swift; sourceTree = "<group>"; };
		52C4E19B2A236D4400A5A2F7 /* productsView.swift */ = {isa = PBXFileReference; lastKnownFileType = sourcecode.swift; path = productsView.swift; sourceTree = "<group>"; };
/* End PBXFileReference section */

/* Begin PBXFrameworksBuildPhase section */
		52C4E1782A21EA5E00A5A2F7 /* Frameworks */ = {
			isa = PBXFrameworksBuildPhase;
			buildActionMask = 2147483647;
			files = (
			);
			runOnlyForDeploymentPostprocessing = 0;
		};
/* End PBXFrameworksBuildPhase section */

/* Begin PBXGroup section */
		52C4E1722A21EA5E00A5A2F7 = {
			isa = PBXGroup;
			children = (
				52C4E17D2A21EA5E00A5A2F7 /* ecommerce app in swift */,
				52C4E17C2A21EA5E00A5A2F7 /* Products */,
			);
			sourceTree = "<group>";
		};
		52C4E17C2A21EA5E00A5A2F7 /* Products */ = {
			isa = PBXGroup;
			children = (
				52C4E17B2A21EA5E00A5A2F7 /* ecommerce app in swift.app */,
			);
			name = Products;
			sourceTree = "<group>";
		};
		52C4E17D2A21EA5E00A5A2F7 /* ecommerce app in swift */ = {
			isa = PBXGroup;
			children = (
				52C4E18D2A21EAB500A5A2F7 /* Model */,
				52C4E18C2A21EAAD00A5A2F7 /* View */,
				52C4E17E2A21EA5E00A5A2F7 /* ecommerce_app_in_swiftApp.swift */,
				52C4E1802A21EA5E00A5A2F7 /* ContentView.swift */,
				52C4E1822A21EA6100A5A2F7 /* Assets.xcassets */,
				52C4E1842A21EA6100A5A2F7 /* Preview Content */,
			);
			path = "ecommerce app in swift";
			sourceTree = "<group>";
		};
		52C4E1842A21EA6100A5A2F7 /* Preview Content */ = {
			isa = PBXGroup;
			children = (
				52C4E1852A21EA6100A5A2F7 /* Preview Assets.xcassets */,
			);
			path = "Preview Content";
			sourceTree = "<group>";
		};
		52C4E18C2A21EAAD00A5A2F7 /* View */ = {
			isa = PBXGroup;
			children = (
				52C4E19A2A236D1100A5A2F7 /* home */,
				52C4E1952A22C07700A5A2F7 /* common */,
				52C4E18E2A21EAC300A5A2F7 /* authentication */,
			);
			path = View;
			sourceTree = "<group>";
		};
		52C4E18D2A21EAB500A5A2F7 /* Model */ = {
			isa = PBXGroup;
			children = (
			);
			path = Model;
			sourceTree = "<group>";
		};
		52C4E18E2A21EAC300A5A2F7 /* authentication */ = {
			isa = PBXGroup;
			children = (
				52C4E18F2A21EAF400A5A2F7 /* signup.swift */,
				52C4E1912A2232EF00A5A2F7 /* forgotPassword.swift */,
				52C4E1932A2283F000A5A2F7 /* OnboardingView.swift */,
			);
			path = authentication;
			sourceTree = "<group>";
		};
		52C4E1952A22C07700A5A2F7 /* common */ = {
			isa = PBXGroup;
			children = (
				52C4E1982A22C0AF00A5A2F7 /* ButtonView.swift */,
			);
			path = common;
			sourceTree = "<group>";
		};
		52C4E19A2A236D1100A5A2F7 /* home */ = {
			isa = PBXGroup;
			children = (
				52C4E19B2A236D4400A5A2F7 /* productsView.swift */,
				52B335292A2581360024944F /* NotificationView.swift */,
				52B3352B2A2593BC0024944F /* OrdersView.swift */,
			);
			path = home;
			sourceTree = "<group>";
		};
/* End PBXGroup section */

/* Begin PBXNativeTarget section */
		52C4E17A2A21EA5E00A5A2F7 /* ecommerce app in swift */ = {
			isa = PBXNativeTarget;
			buildConfigurationList = 52C4E1892A21EA6100A5A2F7 /* Build configuration list for PBXNativeTarget "ecommerce app in swift" */;
			buildPhases = (
				52C4E1772A21EA5E00A5A2F7 /* Sources */,
				52C4E1782A21EA5E00A5A2F7 /* Frameworks */,
				52C4E1792A21EA5E00A5A2F7 /* Resources */,
			);
			buildRules = (
			);
			dependencies = (
			);
			name = "ecommerce app in swift";
			productName = "ecommerce app in swift";
			productReference = 52C4E17B2A21EA5E00A5A2F7 /* ecommerce app in swift.app */;
			productType = "com.apple.product-type.application";
		};
/* End PBXNativeTarget section */

/* Begin PBXProject section */
		52C4E1732A21EA5E00A5A2F7 /* Project object */ = {
			isa = PBXProject;
			attributes = {
				BuildIndependentTargetsInParallel = 1;
				LastSwiftUpdateCheck = 1430;
				LastUpgradeCheck = 1430;
				TargetAttributes = {
					52C4E17A2A21EA5E00A5A2F7 = {
						CreatedOnToolsVersion = 14.3;
					};
				};
			};
			buildConfigurationList = 52C4E1762A21EA5E00A5A2F7 /* Build configuration list for PBXProject "ecommerce app in swift" */;
			compatibilityVersion = "Xcode 14.0";
			developmentRegion = en;
			hasScannedForEncodings = 0;
			knownRegions = (
				en,
				Base,
			);
			mainGroup = 52C4E1722A21EA5E00A5A2F7;
			productRefGroup = 52C4E17C2A21EA5E00A5A2F7 /* Products */;
			projectDirPath = "";
			projectRoot = "";
			targets = (
				52C4E17A2A21EA5E00A5A2F7 /* ecommerce app in swift */,
			);
		};
/* End PBXProject section */

/* Begin PBXResourcesBuildPhase section */
		52C4E1792A21EA5E00A5A2F7 /* Resources */ = {
			isa = PBXResourcesBuildPhase;
			buildActionMask = 2147483647;
			files = (
				52C4E1862A21EA6100A5A2F7 /* Preview Assets.xcassets in Resources */,
				52C4E1832A21EA6100A5A2F7 /* Assets.xcassets in Resources */,
			);
			runOnlyForDeploymentPostprocessing = 0;
		};
/* End PBXResourcesBuildPhase section */

/* Begin PBXSourcesBuildPhase section */
		52C4E1772A21EA5E00A5A2F7 /* Sources */ = {
			isa = PBXSourcesBuildPhase;
			buildActionMask = 2147483647;
			files = (
				52C4E1902A21EAF400A5A2F7 /* signup.swift in Sources */,
				52C4E1812A21EA5E00A5A2F7 /* ContentView.swift in Sources */,
				52B3352A2A2581360024944F /* NotificationView.swift in Sources */,
				52C4E17F2A21EA5E00A5A2F7 /* ecommerce_app_in_swiftApp.swift in Sources */,
				52C4E1942A2283F000A5A2F7 /* OnboardingView.swift in Sources */,
				52C4E19C2A236D4400A5A2F7 /* productsView.swift in Sources */,
				52C4E1922A2232EF00A5A2F7 /* forgotPassword.swift in Sources */,
				52C4E1992A22C0AF00A5A2F7 /* ButtonView.swift in Sources */,
				52B3352C2A2593BC0024944F /* OrdersView.swift in Sources */,
			);
			runOnlyForDeploymentPostprocessing = 0;
		};
/* End PBXSourcesBuildPhase section */

/* Begin XCBuildConfiguration section */
		52C4E1872A21EA6100A5A2F7 /* Debug */ = {
			isa = XCBuildConfiguration;
			buildSettings = {
				ALWAYS_SEARCH_USER_PATHS = NO;
				CLANG_ANALYZER_NONNULL = YES;
				CLANG_ANALYZER_NUMBER_OBJECT_CONVERSION = YES_AGGRESSIVE;
				CLANG_CXX_LANGUAGE_STANDARD = "gnu++20";
				CLANG_ENABLE_MODULES = YES;
				CLANG_ENABLE_OBJC_ARC = YES;
				CLANG_ENABLE_OBJC_WEAK = YES;
				CLANG_WARN_BLOCK_CAPTURE_AUTORELEASING = YES;
				CLANG_WARN_BOOL_CONVERSION = YES;
				CLANG_WARN_COMMA = YES;
				CLANG_WARN_CONSTANT_CONVERSION = YES;
				CLANG_WARN_DEPRECATED_OBJC_IMPLEMENTATIONS = YES;
				CLANG_WARN_DIRECT_OBJC_ISA_USAGE = YES_ERROR;
				CLANG_WARN_DOCUMENTATION_COMMENTS = YES;
				CLANG_WARN_EMPTY_BODY = YES;
				CLANG_WARN_ENUM_CONVERSION = YES;
				CLANG_WARN_INFINITE_RECURSION = YES;
				CLANG_WARN_INT_CONVERSION = YES;
				CLANG_WARN_NON_LITERAL_NULL_CONVERSION = YES;
				CLANG_WARN_OBJC_IMPLICIT_RETAIN_SELF = YES;
				CLANG_WARN_OBJC_LITERAL_CONVERSION = YES;
				CLANG_WARN_OBJC_ROOT_CLASS = YES_ERROR;
				CLANG_WARN_QUOTED_INCLUDE_IN_FRAMEWORK_HEADER = YES;
				CLANG_WARN_RANGE_LOOP_ANALYSIS = YES;
				CLANG_WARN_STRICT_PROTOTYPES = YES;
				CLANG_WARN_SUSPICIOUS_MOVE = YES;
				CLANG_WARN_UNGUARDED_AVAILABILITY = YES_AGGRESSIVE;
				CLANG_WARN_UNREACHABLE_CODE = YES;
				CLANG_WARN__DUPLICATE_METHOD_MATCH = YES;
				COPY_PHASE_STRIP = NO;
				DEBUG_INFORMATION_FORMAT = dwarf;
				ENABLE_STRICT_OBJC_MSGSEND = YES;
				ENABLE_TESTABILITY = YES;
				GCC_C_LANGUAGE_STANDARD = gnu11;
				GCC_DYNAMIC_NO_PIC = NO;
				GCC_NO_COMMON_BLOCKS = YES;
				GCC_OPTIMIZATION_LEVEL = 0;
				GCC_PREPROCESSOR_DEFINITIONS = (
					"DEBUG=1",
					"$(inherited)",
				);
				GCC_WARN_64_TO_32_BIT_CONVERSION = YES;
				GCC_WARN_ABOUT_RETURN_TYPE = YES_ERROR;
				GCC_WARN_UNDECLARED_SELECTOR = YES;
				GCC_WARN_UNINITIALIZED_AUTOS = YES_AGGRESSIVE;
				GCC_WARN_UNUSED_FUNCTION = YES;
				GCC_WARN_UNUSED_VARIABLE = YES;
				IPHONEOS_DEPLOYMENT_TARGET = 16.4;
				MTL_ENABLE_DEBUG_INFO = INCLUDE_SOURCE;
				MTL_FAST_MATH = YES;
				ONLY_ACTIVE_ARCH = YES;
				SDKROOT = iphoneos;
				SWIFT_ACTIVE_COMPILATION_CONDITIONS = DEBUG;
				SWIFT_OPTIMIZATION_LEVEL = "-Onone";
			};
			name = Debug;
		};
		52C4E1882A21EA6100A5A2F7 /* Release */ = {
			isa = XCBuildConfiguration;
			buildSettings = {
				ALWAYS_SEARCH_USER_PATHS = NO;
				CLANG_ANALYZER_NONNULL = YES;
				CLANG_ANALYZER_NUMBER_OBJECT_CONVERSION = YES_AGGRESSIVE;
				CLANG_CXX_LANGUAGE_STANDARD = "gnu++20";
				CLANG_ENABLE_MODULES = YES;
				CLANG_ENABLE_OBJC_ARC = YES;
				CLANG_ENABLE_OBJC_WEAK = YES;
				CLANG_WARN_BLOCK_CAPTURE_AUTORELEASING = YES;
				CLANG_WARN_BOOL_CONVERSION = YES;
				CLANG_WARN_COMMA = YES;
				CLANG_WARN_CONSTANT_CONVERSION = YES;
				CLANG_WARN_DEPRECATED_OBJC_IMPLEMENTATIONS = YES;
				CLANG_WARN_DIRECT_OBJC_ISA_USAGE = YES_ERROR;
				CLANG_WARN_DOCUMENTATION_COMMENTS = YES;
				CLANG_WARN_EMPTY_BODY = YES;
				CLANG_WARN_ENUM_CONVERSION = YES;
				CLANG_WARN_INFINITE_RECURSION = YES;
				CLANG_WARN_INT_CONVERSION = YES;
				CLANG_WARN_NON_LITERAL_NULL_CONVERSION = YES;
				CLANG_WARN_OBJC_IMPLICIT_RETAIN_SELF = YES;
				CLANG_WARN_OBJC_LITERAL_CONVERSION = YES;
				CLANG_WARN_OBJC_ROOT_CLASS = YES_ERROR;
				CLANG_WARN_QUOTED_INCLUDE_IN_FRAMEWORK_HEADER = YES;
				CLANG_WARN_RANGE_LOOP_ANALYSIS = YES;
				CLANG_WARN_STRICT_PROTOTYPES = YES;
				CLANG_WARN_SUSPICIOUS_MOVE = YES;
				CLANG_WARN_UNGUARDED_AVAILABILITY = YES_AGGRESSIVE;
				CLANG_WARN_UNREACHABLE_CODE = YES;
				CLANG_WARN__DUPLICATE_METHOD_MATCH = YES;
				COPY_PHASE_STRIP = NO;
				DEBUG_INFORMATION_FORMAT = "dwarf-with-dsym";
				ENABLE_NS_ASSERTIONS = NO;
				ENABLE_STRICT_OBJC_MSGSEND = YES;
				GCC_C_LANGUAGE_STANDARD = gnu11;
				GCC_NO_COMMON_BLOCKS = YES;
				GCC_WARN_64_TO_32_BIT_CONVERSION = YES;
				GCC_WARN_ABOUT_RETURN_TYPE = YES_ERROR;
				GCC_WARN_UNDECLARED_SELECTOR = YES;
				GCC_WARN_UNINITIALIZED_AUTOS = YES_AGGRESSIVE;
				GCC_WARN_UNUSED_FUNCTION = YES;
				GCC_WARN_UNUSED_VARIABLE = YES;
				IPHONEOS_DEPLOYMENT_TARGET = 16.4;
				MTL_ENABLE_DEBUG_INFO = NO;
				MTL_FAST_MATH = YES;
				SDKROOT = iphoneos;
				SWIFT_COMPILATION_MODE = wholemodule;
				SWIFT_OPTIMIZATION_LEVEL = "-O";
				VALIDATE_PRODUCT = YES;
			};
			name = Release;
		};
		52C4E18A2A21EA6100A5A2F7 /* Debug */ = {
			isa = XCBuildConfiguration;
			buildSettings = {
				ASSETCATALOG_COMPILER_APPICON_NAME = AppIcon;
				ASSETCATALOG_COMPILER_GLOBAL_ACCENT_COLOR_NAME = AccentColor;
				CODE_SIGN_STYLE = Automatic;
				CURRENT_PROJECT_VERSION = 1;
				DEVELOPMENT_ASSET_PATHS = "\"ecommerce app in swift/Preview Content\"";
				ENABLE_PREVIEWS = YES;
				GENERATE_INFOPLIST_FILE = YES;
				INFOPLIST_KEY_UIApplicationSceneManifest_Generation = YES;
				INFOPLIST_KEY_UIApplicationSupportsIndirectInputEvents = YES;
				INFOPLIST_KEY_UILaunchScreen_Generation = YES;
				INFOPLIST_KEY_UISupportedInterfaceOrientations_iPad = "UIInterfaceOrientationPortrait UIInterfaceOrientationPortraitUpsideDown UIInterfaceOrientationLandscapeLeft UIInterfaceOrientationLandscapeRight";
				INFOPLIST_KEY_UISupportedInterfaceOrientations_iPhone = "UIInterfaceOrientationPortrait UIInterfaceOrientationLandscapeLeft UIInterfaceOrientationLandscapeRight";
				LD_RUNPATH_SEARCH_PATHS = (
					"$(inherited)",
					"@executable_path/Frameworks",
				);
				MARKETING_VERSION = 1.0;
				PRODUCT_BUNDLE_IDENTIFIER = "com.starlit.ecommerce-app-in-swift";
				PRODUCT_NAME = "$(TARGET_NAME)";
				SWIFT_EMIT_LOC_STRINGS = YES;
				SWIFT_VERSION = 5.0;
				TARGETED_DEVICE_FAMILY = "1,2";
			};
			name = Debug;
		};
		52C4E18B2A21EA6100A5A2F7 /* Release */ = {
			isa = XCBuildConfiguration;
			buildSettings = {
				ASSETCATALOG_COMPILER_APPICON_NAME = AppIcon;
				ASSETCATALOG_COMPILER_GLOBAL_ACCENT_COLOR_NAME = AccentColor;
				CODE_SIGN_STYLE = Automatic;
				CURRENT_PROJECT_VERSION = 1;
				DEVELOPMENT_ASSET_PATHS = "\"ecommerce app in swift/Preview Content\"";
				ENABLE_PREVIEWS = YES;
				GENERATE_INFOPLIST_FILE = YES;
				INFOPLIST_KEY_UIApplicationSceneManifest_Generation = YES;
				INFOPLIST_KEY_UIApplicationSupportsIndirectInputEvents = YES;
				INFOPLIST_KEY_UILaunchScreen_Generation = YES;
				INFOPLIST_KEY_UISupportedInterfaceOrientations_iPad = "UIInterfaceOrientationPortrait UIInterfaceOrientationPortraitUpsideDown UIInterfaceOrientationLandscapeLeft UIInterfaceOrientationLandscapeRight";
				INFOPLIST_KEY_UISupportedInterfaceOrientations_iPhone = "UIInterfaceOrientationPortrait UIInterfaceOrientationLandscapeLeft UIInterfaceOrientationLandscapeRight";
				LD_RUNPATH_SEARCH_PATHS = (
					"$(inherited)",
					"@executable_path/Frameworks",
				);
				MARKETING_VERSION = 1.0;
				PRODUCT_BUNDLE_IDENTIFIER = "com.starlit.ecommerce-app-in-swift";
				PRODUCT_NAME = "$(TARGET_NAME)";
				SWIFT_EMIT_LOC_STRINGS = YES;
				SWIFT_VERSION = 5.0;
				TARGETED_DEVICE_FAMILY = "1,2";
			};
			name = Release;
		};
/* End XCBuildConfiguration section */

/* Begin XCConfigurationList section */
		52C4E1762A21EA5E00A5A2F7 /* Build configuration list for PBXProject "ecommerce app in swift" */ = {
			isa = XCConfigurationList;
			buildConfigurations = (
				52C4E1872A21EA6100A5A2F7 /* Debug */,
				52C4E1882A21EA6100A5A2F7 /* Release */,
			);
			defaultConfigurationIsVisible = 0;
			defaultConfigurationName = Release;
		};
		52C4E1892A21EA6100A5A2F7 /* Build configuration list for PBXNativeTarget "ecommerce app in swift" */ = {
			isa = XCConfigurationList;
			buildConfigurations = (
				52C4E18A2A21EA6100A5A2F7 /* Debug */,
				52C4E18B2A21EA6100A5A2F7 /* Release */,
			);
			defaultConfigurationIsVisible = 0;
			defaultConfigurationName = Release;
		};
/* End XCConfigurationList section */
	};
	rootObject = 52C4E1732A21EA5E00A5A2F7 /* Project object */;
}
